// !$*UTF8*$!
{
	archiveVersion = 1;
	classes = {
	};
	objectVersion = 46;
	objects = {

/* Begin PBXBuildFile section */
		02E911D81C6CF0140087F09D /* AppDelegate.swift in Sources */ = {isa = PBXBuildFile; fileRef = 02E911D71C6CF0140087F09D /* AppDelegate.swift */; };
		02E911DA1C6CF0140087F09D /* ViewController.swift in Sources */ = {isa = PBXBuildFile; fileRef = 02E911D91C6CF0140087F09D /* ViewController.swift */; };
		02E911DD1C6CF0140087F09D /* Main.storyboard in Resources */ = {isa = PBXBuildFile; fileRef = 02E911DB1C6CF0140087F09D /* Main.storyboard */; };
		02E911DF1C6CF0140087F09D /* Assets.xcassets in Resources */ = {isa = PBXBuildFile; fileRef = 02E911DE1C6CF0140087F09D /* Assets.xcassets */; };
		02E911E21C6CF0140087F09D /* LaunchScreen.storyboard in Resources */ = {isa = PBXBuildFile; fileRef = 02E911E01C6CF0140087F09D /* LaunchScreen.storyboard */; };
/* End PBXBuildFile section */

/* Begin PBXFileReference section */
		02E911D41C6CF0140087F09D /* Login Module.app */ = {isa = PBXFileReference; explicitFileType = wrapper.application; includeInIndex = 0; path = "Login Module.app"; sourceTree = BUILT_PRODUCTS_DIR; };
		02E911D71C6CF0140087F09D /* AppDelegate.swift */ = {isa = PBXFileReference; lastKnownFileType = sourcecode.swift; path = AppDelegate.swift; sourceTree = "<group>"; };
		02E911D91C6CF0140087F09D /* ViewController.swift */ = {isa = PBXFileReference; lastKnownFileType = sourcecode.swift; path = ViewController.swift; sourceTree = "<group>"; };
		02E911DC1C6CF0140087F09D /* Base */ = {isa = PBXFileReference; lastKnownFileType = file.storyboard; name = Base; path = Base.lproj/Main.storyboard; sourceTree = "<group>"; };
		02E911DE1C6CF0140087F09D /* Assets.xcassets */ = {isa = PBXFileReference; lastKnownFileType = folder.assetcatalog; path = Assets.xcassets; sourceTree = "<group>"; };
		02E911E11C6CF0140087F09D /* Base */ = {isa = PBXFileReference; lastKnownFileType = file.storyboard; name = Base; path = Base.lproj/LaunchScreen.storyboard; sourceTree = "<group>"; };
		02E911E31C6CF0140087F09D /* Info.plist */ = {isa = PBXFileReference; lastKnownFileType = text.plist.xml; path = Info.plist; sourceTree = "<group>"; };
/* End PBXFileReference section */

/* Begin PBXFrameworksBuildPhase section */
		02E911D11C6CF0140087F09D /* Frameworks */ = {
			isa = PBXFrameworksBuildPhase;
			buildActionMask = 2147483647;
			files = (
			);
			runOnlyForDeploymentPostprocessing = 0;
		};
/* End PBXFrameworksBuildPhase section */

/* Begin PBXGroup section */
		02E911CB1C6CF0140087F09D = {
			isa = PBXGroup;
			children = (
				02E911D61C6CF0140087F09D /* Login Module */,
				02E911D51C6CF0140087F09D /* Products */,
			);
			sourceTree = "<group>";
		};
		02E911D51C6CF0140087F09D /* Products */ = {
			isa = PBXGroup;
			children = (
				02E911D41C6CF0140087F09D /* Login Module.app */,
			);
			name = Products;
			sourceTree = "<group>";
		};
		02E911D61C6CF0140087F09D /* Login Module */ = {
			isa = PBXGroup;
			children = (
				02E911D71C6CF0140087F09D /* AppDelegate.swift */,
				02E911D91C6CF0140087F09D /* ViewController.swift */,
				02E911DB1C6CF0140087F09D /* Main.storyboard */,
				02E911DE1C6CF0140087F09D /* Assets.xcassets */,
				02E911E01C6CF0140087F09D /* LaunchScreen.storyboard */,
				02E911E31C6CF0140087F09D /* Info.plist */,
			);
			path = "Login Module";
			sourceTree = "<group>";
		};
/* End PBXGroup section */

/* Begin PBXNativeTarget section */
		02E911D31C6CF0140087F09D /* Login Module */ = {
			isa = PBXNativeTarget;
			buildConfigurationList = 02E911E61C6CF0140087F09D /* Build configuration list for PBXNativeTarget "Login Module" */;
			buildPhases = (
				02E911D01C6CF0140087F09D /* Sources */,
				02E911D11C6CF0140087F09D /* Frameworks */,
				02E911D21C6CF0140087F09D /* Resources */,
			);
			buildRules = (
			);
			dependencies = (
			);
			name = "Login Module";
			productName = "Login Module";
			productReference = 02E911D41C6CF0140087F09D /* Login Module.app */;
			productType = "com.apple.product-type.application";
		};
/* End PBXNativeTarget section */

/* Begin PBXProject section */
		02E911CC1C6CF0140087F09D /* Project object */ = {
			isa = PBXProject;
			attributes = {
				LastSwiftUpdateCheck = 0710;
				LastUpgradeCheck = 0710;
				ORGANIZATIONNAME = AppsWise;
				TargetAttributes = {
					02E911D31C6CF0140087F09D = {
						CreatedOnToolsVersion = 7.1.1;
					};
				};
			};
			buildConfigurationList = 02E911CF1C6CF0140087F09D /* Build configuration list for PBXProject "Login Module" */;
			compatibilityVersion = "Xcode 3.2";
			developmentRegion = English;
			hasScannedForEncodings = 0;
			knownRegions = (
				en,
				Base,
			);
			mainGroup = 02E911CB1C6CF0140087F09D;
			productRefGroup = 02E911D51C6CF0140087F09D /* Products */;
			projectDirPath = "";
			projectRoot = "";
			targets = (
				02E911D31C6CF0140087F09D /* Login Module */,
			);
		};
/* End PBXProject section */

/* Begin PBXResourcesBuildPhase section */
		02E911D21C6CF0140087F09D /* Resources */ = {
			isa = PBXResourcesBuildPhase;
			buildActionMask = 2147483647;
			files = (
				02E911E21C6CF0140087F09D /* LaunchScreen.storyboard in Resources */,
				02E911DF1C6CF0140087F09D /* Assets.xcassets in Resources */,
				02E911DD1C6CF0140087F09D /* Main.storyboard in Resources */,
			);
			runOnlyForDeploymentPostprocessing = 0;
		};
/* End PBXResourcesBuildPhase section */

/* Begin PBXSourcesBuildPhase section */
		02E911D01C6CF0140087F09D /* Sources */ = {
			isa = PBXSourcesBuildPhase;
			buildActionMask = 2147483647;
			files = (
				02E911DA1C6CF0140087F09D /* ViewController.swift in Sources */,
				02E911D81C6CF0140087F09D /* AppDelegate.swift in Sources */,
			);
			runOnlyForDeploymentPostprocessing = 0;
		};
/* End PBXSourcesBuildPhase section */

/* Begin PBXVariantGroup section */
		02E911DB1C6CF0140087F09D /* Main.storyboard */ = {
			isa = PBXVariantGroup;
			children = (
				02E911DC1C6CF0140087F09D /* Base */,
			);
			name = Main.storyboard;
			sourceTree = "<group>";
		};
		02E911E01C6CF0140087F09D /* LaunchScreen.storyboard */ = {
			isa = PBXVariantGroup;
			children = (
				02E911E11C6CF0140087F09D /* Base */,
			);
			name = LaunchScreen.storyboard;
			sourceTree = "<group>";
		};
/* End PBXVariantGroup section */

/* Begin XCBuildConfiguration section */
		02E911E41C6CF0140087F09D /* Debug */ = {
			isa = XCBuildConfiguration;
			buildSettings = {
				ALWAYS_SEARCH_USER_PATHS = NO;
				CLANG_CXX_LANGUAGE_STANDARD = "gnu++0x";
				CLANG_CXX_LIBRARY = "libc++";
				CLANG_ENABLE_MODULES = YES;
				CLANG_ENABLE_OBJC_ARC = YES;
				CLANG_WARN_BOOL_CONVERSION = YES;
				CLANG_WARN_CONSTANT_CONVERSION = YES;
				CLANG_WARN_DIRECT_OBJC_ISA_USAGE = YES_ERROR;
				CLANG_WARN_EMPTY_BODY = YES;
				CLANG_WARN_ENUM_CONVERSION = YES;
				CLANG_WARN_INT_CONVERSION = YES;
				CLANG_WARN_OBJC_ROOT_CLASS = YES_ERROR;
				CLANG_WARN_UNREACHABLE_CODE = YES;
				CLANG_WARN__DUPLICATE_METHOD_MATCH = YES;
				"CODE_SIGN_IDENTITY[sdk=iphoneos*]" = "iPhone Developer";
				COPY_PHASE_STRIP = NO;
				DEBUG_INFORMATION_FORMAT = dwarf;
				ENABLE_STRICT_OBJC_MSGSEND = YES;
				ENABLE_TESTABILITY = YES;
				GCC_C_LANGUAGE_STANDARD = gnu99;
				GCC_DYNAMIC_NO_PIC = NO;
				GCC_NO_COMMON_BLOCKS = YES;
				GCC_OPTIMIZATION_LEVEL = 0;
				GCC_PREPROCESSOR_DEFINITIONS = (
					"DEBUG=1",
					"$(inherited)",
				);
				GCC_WARN_64_TO_32_BIT_CONVERSION = YES;
				GCC_WARN_ABOUT_RETURN_TYPE = YES_ERROR;
				GCC_WARN_UNDECLARED_SELECTOR = YES;
				GCC_WARN_UNINITIALIZED_AUTOS = YES_AGGRESSIVE;
				GCC_WARN_UNUSED_FUNCTION = YES;
				GCC_WARN_UNUSED_VARIABLE = YES;
				IPHONEOS_DEPLOYMENT_TARGET = 9.1;
				MTL_ENABLE_DEBUG_INFO = YES;
				ONLY_ACTIVE_ARCH = YES;
				SDKROOT = iphoneos;
				SWIFT_OPTIMIZATION_LEVEL = "-Onone";
			};
			name = Debug;
		};
		02E911E51C6CF0140087F09D /* Release */ = {
			isa = XCBuildConfiguration;
			buildSettings = {
				ALWAYS_SEARCH_USER_PATHS = NO;
				CLANG_CXX_LANGUAGE_STANDARD = "gnu++0x";
				CLANG_CXX_LIBRARY = "libc++";
				CLANG_ENABLE_MODULES = YES;
				CLANG_ENABLE_OBJC_ARC = YES;
				CLANG_WARN_BOOL_CONVERSION = YES;
				CLANG_WARN_CONSTANT_CONVERSION = YES;
				CLANG_WARN_DIRECT_OBJC_ISA_USAGE = YES_ERROR;
				CLANG_WARN_EMPTY_BODY = YES;
				CLANG_WARN_ENUM_CONVERSION = YES;
				CLANG_WARN_INT_CONVERSION = YES;
				CLANG_WARN_OBJC_ROOT_CLASS = YES_ERROR;
				CLANG_WARN_UNREACHABLE_CODE = YES;
				CLANG_WARN__DUPLICATE_METHOD_MATCH = YES;
				"CODE_SIGN_IDENTITY[sdk=iphoneos*]" = "iPhone Developer";
				COPY_PHASE_STRIP = NO;
				DEBUG_INFORMATION_FORMAT = "dwarf-with-dsym";
				ENABLE_NS_ASSERTIONS = NO;
				ENABLE_STRICT_OBJC_MSGSEND = YES;
				GCC_C_LANGUAGE_STANDARD = gnu99;
				GCC_NO_COMMON_BLOCKS = YES;
				GCC_WARN_64_TO_32_BIT_CONVERSION = YES;
				GCC_WARN_ABOUT_RETURN_TYPE = YES_ERROR;
				GCC_WARN_UNDECLARED_SELECTOR = YES;
				GCC_WARN_UNINITIALIZED_AUTOS = YES_AGGRESSIVE;
				GCC_WARN_UNUSED_FUNCTION = YES;
				GCC_WARN_UNUSED_VARIABLE = YES;
				IPHONEOS_DEPLOYMENT_TARGET = 9.1;
				MTL_ENABLE_DEBUG_INFO = NO;
				SDKROOT = iphoneos;
				VALIDATE_PRODUCT = YES;
			};
			name = Release;
		};
		02E911E71C6CF0140087F09D /* Debug */ = {
			isa = XCBuildConfiguration;
			buildSettings = {
				ASSETCATALOG_COMPILER_APPICON_NAME = AppIcon;
				INFOPLIST_FILE = "Login Module/Info.plist";
				LD_RUNPATH_SEARCH_PATHS = "$(inherited) @executable_path/Frameworks";
				PRODUCT_BUNDLE_IDENTIFIER = "com.appswise.Login-Module";
				PRODUCT_NAME = "$(TARGET_NAME)";
			};
			name = Debug;
		};
		02E911E81C6CF0140087F09D /* Release */ = {
			isa = XCBuildConfiguration;
			buildSettings = {
				ASSETCATALOG_COMPILER_APPICON_NAME = AppIcon;
				INFOPLIST_FILE = "Login Module/Info.plist";
				LD_RUNPATH_SEARCH_PATHS = "$(inherited) @executable_path/Frameworks";
				PRODUCT_BUNDLE_IDENTIFIER = "com.appswise.Login-Module";
				PRODUCT_NAME = "$(TARGET_NAME)";
			};
			name = Release;
		};
/* End XCBuildConfiguration section */

/* Begin XCConfigurationList section */
		02E911CF1C6CF0140087F09D /* Build configuration list for PBXProject "Login Module" */ = {
			isa = XCConfigurationList;
			buildConfigurations = (
				02E911E41C6CF0140087F09D /* Debug */,
				02E911E51C6CF0140087F09D /* Release */,
			);
			defaultConfigurationIsVisible = 0;
			defaultConfigurationName = Release;
		};
		02E911E61C6CF0140087F09D /* Build configuration list for PBXNativeTarget "Login Module" */ = {
			isa = XCConfigurationList;
			buildConfigurations = (
				02E911E71C6CF0140087F09D /* Debug */,
				02E911E81C6CF0140087F09D /* Release */,
			);
			defaultConfigurationIsVisible = 0;
			defaultConfigurationName = Release;
		};
/* End XCConfigurationList section */
	};
	rootObject = 02E911CC1C6CF0140087F09D /* Project object */;
}
